{
  "pins" : [
    {
      "identity" : "cocoaasyncsocket",
      "kind" : "remoteSourceControl",
      "location" : "https://github.com/robbiehanson/CocoaAsyncSocket",
      "state" : {
        "revision" : "dbdc00669c1ced63b27c3c5f052ee4d28f10150c",
        "version" : "7.6.5"
      }
    },
    {
      "identity" : "coreosc",
      "kind" : "remoteSourceControl",
      "location" : "https://github.com/sammysmallman/CoreOSC.git",
      "state" : {
        "revision" : "0ec3c03ca788cba890d1e46a095fc198e171cf39",
        "version" : "1.2.1"
      }
    },
    {
      "identity" : "osckit",
      "kind" : "remoteSourceControl",
      "location" : "https://github.com/SammySmallman/OSCKit",
      "state" : {
        "revision" : "87bc91e59f3f8ad49d94fc82ae9be9dd02a5dd4b",
        "version" : "3.2.0"
      }
    },
    {
      "identity" : "swift-netutils",
      "kind" : "remoteSourceControl",
      "location" : "https://github.com/svdo/swift-netutils",
      "state" : {
        "revision" : "776909ce0b37bd9ea1fa0f2156e4e5ad07a592b8",
        "version" : "4.2.0"
      }
    }
  ],
  "version" : 2
}
